// !$*UTF8*$!
{
	archiveVersion = 1;
	classes = {
	};
	objectVersion = 48;
	objects = {

/* Begin PBXBuildFile section */
		0E2B3C755E6F5A3ECF15C8FF /* Pods_EmailLoginApp.framework in Frameworks */ = {isa = PBXBuildFile; fileRef = 3C36508B2E77FD847586BEC7 /* Pods_EmailLoginApp.framework */; };
		B20E2162209A614000C3142E /* AppDelegate.swift in Sources */ = {isa = PBXBuildFile; fileRef = B20E2161209A614000C3142E /* AppDelegate.swift */; };
		B20E2164209A614000C3142E /* ViewController.swift in Sources */ = {isa = PBXBuildFile; fileRef = B20E2163209A614000C3142E /* ViewController.swift */; };
		B20E2167209A614000C3142E /* Main.storyboard in Resources */ = {isa = PBXBuildFile; fileRef = B20E2165209A614000C3142E /* Main.storyboard */; };
		B20E2169209A614000C3142E /* Assets.xcassets in Resources */ = {isa = PBXBuildFile; fileRef = B20E2168209A614000C3142E /* Assets.xcassets */; };
		B20E216C209A614000C3142E /* LaunchScreen.storyboard in Resources */ = {isa = PBXBuildFile; fileRef = B20E216A209A614000C3142E /* LaunchScreen.storyboard */; };
		B20E2176209A8CB900C3142E /* GoogleService-Info.plist in Resources */ = {isa = PBXBuildFile; fileRef = B20E2175209A8CB900C3142E /* GoogleService-Info.plist */; };
		B2ED356A209D515A0097E14B /* HomeScreenViewController.swift in Sources */ = {isa = PBXBuildFile; fileRef = B2ED3569209D515A0097E14B /* HomeScreenViewController.swift */; };
/* End PBXBuildFile section */

/* Begin PBXFileReference section */
		165558BDD10D01EC63D7F72E /* Pods-EmailLoginApp.debug.xcconfig */ = {isa = PBXFileReference; includeInIndex = 1; lastKnownFileType = text.xcconfig; name = "Pods-EmailLoginApp.debug.xcconfig"; path = "Pods/Target Support Files/Pods-EmailLoginApp/Pods-EmailLoginApp.debug.xcconfig"; sourceTree = "<group>"; };
		2FF6040A1B0CB26D2FC6DDA6 /* Pods-EmailLoginApp.release.xcconfig */ = {isa = PBXFileReference; includeInIndex = 1; lastKnownFileType = text.xcconfig; name = "Pods-EmailLoginApp.release.xcconfig"; path = "Pods/Target Support Files/Pods-EmailLoginApp/Pods-EmailLoginApp.release.xcconfig"; sourceTree = "<group>"; };
		3C36508B2E77FD847586BEC7 /* Pods_EmailLoginApp.framework */ = {isa = PBXFileReference; explicitFileType = wrapper.framework; includeInIndex = 0; path = Pods_EmailLoginApp.framework; sourceTree = BUILT_PRODUCTS_DIR; };
		B20E215E209A614000C3142E /* EmailLoginApp.app */ = {isa = PBXFileReference; explicitFileType = wrapper.application; includeInIndex = 0; path = EmailLoginApp.app; sourceTree = BUILT_PRODUCTS_DIR; };
		B20E2161209A614000C3142E /* AppDelegate.swift */ = {isa = PBXFileReference; lastKnownFileType = sourcecode.swift; path = AppDelegate.swift; sourceTree = "<group>"; };
		B20E2163209A614000C3142E /* ViewController.swift */ = {isa = PBXFileReference; lastKnownFileType = sourcecode.swift; path = ViewController.swift; sourceTree = "<group>"; };
		B20E2166209A614000C3142E /* Base */ = {isa = PBXFileReference; lastKnownFileType = file.storyboard; name = Base; path = Base.lproj/Main.storyboard; sourceTree = "<group>"; };
		B20E2168209A614000C3142E /* Assets.xcassets */ = {isa = PBXFileReference; lastKnownFileType = folder.assetcatalog; path = Assets.xcassets; sourceTree = "<group>"; };
		B20E216B209A614000C3142E /* Base */ = {isa = PBXFileReference; lastKnownFileType = file.storyboard; name = Base; path = Base.lproj/LaunchScreen.storyboard; sourceTree = "<group>"; };
		B20E216D209A614000C3142E /* Info.plist */ = {isa = PBXFileReference; lastKnownFileType = text.plist.xml; path = Info.plist; sourceTree = "<group>"; };
		B20E2175209A8CB900C3142E /* GoogleService-Info.plist */ = {isa = PBXFileReference; fileEncoding = 4; lastKnownFileType = text.plist.xml; path = "GoogleService-Info.plist"; sourceTree = "<group>"; };
		B2ED3569209D515A0097E14B /* HomeScreenViewController.swift */ = {isa = PBXFileReference; lastKnownFileType = sourcecode.swift; path = HomeScreenViewController.swift; sourceTree = "<group>"; };
/* End PBXFileReference section */

/* Begin PBXFrameworksBuildPhase section */
		B20E215B209A613F00C3142E /* Frameworks */ = {
			isa = PBXFrameworksBuildPhase;
			buildActionMask = 2147483647;
			files = (
				0E2B3C755E6F5A3ECF15C8FF /* Pods_EmailLoginApp.framework in Frameworks */,
			);
			runOnlyForDeploymentPostprocessing = 0;
		};
/* End PBXFrameworksBuildPhase section */

/* Begin PBXGroup section */
		05D9714FDE2F4BE1500E1461 /* Frameworks */ = {
			isa = PBXGroup;
			children = (
				3C36508B2E77FD847586BEC7 /* Pods_EmailLoginApp.framework */,
			);
			name = Frameworks;
			sourceTree = "<group>";
		};
		763253F46B7680BCE62AF60D /* Pods */ = {
			isa = PBXGroup;
			children = (
				165558BDD10D01EC63D7F72E /* Pods-EmailLoginApp.debug.xcconfig */,
				2FF6040A1B0CB26D2FC6DDA6 /* Pods-EmailLoginApp.release.xcconfig */,
			);
			name = Pods;
			sourceTree = "<group>";
		};
		B20E2155209A613F00C3142E = {
			isa = PBXGroup;
			children = (
				B20E2160209A614000C3142E /* EmailLoginApp */,
				B20E215F209A614000C3142E /* Products */,
				763253F46B7680BCE62AF60D /* Pods */,
				05D9714FDE2F4BE1500E1461 /* Frameworks */,
			);
			sourceTree = "<group>";
		};
		B20E215F209A614000C3142E /* Products */ = {
			isa = PBXGroup;
			children = (
				B20E215E209A614000C3142E /* EmailLoginApp.app */,
			);
			name = Products;
			sourceTree = "<group>";
		};
		B20E2160209A614000C3142E /* EmailLoginApp */ = {
			isa = PBXGroup;
			children = (
				B20E2161209A614000C3142E /* AppDelegate.swift */,
				B20E2163209A614000C3142E /* ViewController.swift */,
				B2ED3569209D515A0097E14B /* HomeScreenViewController.swift */,
				B20E2165209A614000C3142E /* Main.storyboard */,
				B20E2168209A614000C3142E /* Assets.xcassets */,
				B20E216A209A614000C3142E /* LaunchScreen.storyboard */,
				B20E2175209A8CB900C3142E /* GoogleService-Info.plist */,
				B20E216D209A614000C3142E /* Info.plist */,
			);
			path = EmailLoginApp;
			sourceTree = "<group>";
		};
/* End PBXGroup section */

/* Begin PBXNativeTarget section */
		B20E215D209A613F00C3142E /* EmailLoginApp */ = {
			isa = PBXNativeTarget;
			buildConfigurationList = B20E2170209A614000C3142E /* Build configuration list for PBXNativeTarget "EmailLoginApp" */;
			buildPhases = (
				A32988A7AF3E6F6B77FF6A60 /* [CP] Check Pods Manifest.lock */,
				B20E215A209A613F00C3142E /* Sources */,
				B20E215B209A613F00C3142E /* Frameworks */,
				B20E215C209A613F00C3142E /* Resources */,
				1806046FBD911A8A5AAEA950 /* [CP] Embed Pods Frameworks */,
			);
			buildRules = (
			);
			dependencies = (
			);
			name = EmailLoginApp;
			productName = EmailLoginApp;
			productReference = B20E215E209A614000C3142E /* EmailLoginApp.app */;
			productType = "com.apple.product-type.application";
		};
/* End PBXNativeTarget section */

/* Begin PBXProject section */
		B20E2156209A613F00C3142E /* Project object */ = {
			isa = PBXProject;
			attributes = {
				LastSwiftUpdateCheck = 0920;
				LastUpgradeCheck = 0920;
				ORGANIZATIONNAME = "Gabrielle Anderson";
				TargetAttributes = {
					B20E215D209A613F00C3142E = {
						CreatedOnToolsVersion = 9.2;
						ProvisioningStyle = Automatic;
					};
				};
			};
			buildConfigurationList = B20E2159209A613F00C3142E /* Build configuration list for PBXProject "EmailLoginApp" */;
			compatibilityVersion = "Xcode 8.0";
			developmentRegion = en;
			hasScannedForEncodings = 0;
			knownRegions = (
				en,
				Base,
			);
			mainGroup = B20E2155209A613F00C3142E;
			productRefGroup = B20E215F209A614000C3142E /* Products */;
			projectDirPath = "";
			projectRoot = "";
			targets = (
				B20E215D209A613F00C3142E /* EmailLoginApp */,
			);
		};
/* End PBXProject section */

/* Begin PBXResourcesBuildPhase section */
		B20E215C209A613F00C3142E /* Resources */ = {
			isa = PBXResourcesBuildPhase;
			buildActionMask = 2147483647;
			files = (
				B20E216C209A614000C3142E /* LaunchScreen.storyboard in Resources */,
				B20E2176209A8CB900C3142E /* GoogleService-Info.plist in Resources */,
				B20E2169209A614000C3142E /* Assets.xcassets in Resources */,
				B20E2167209A614000C3142E /* Main.storyboard in Resources */,
			);
			runOnlyForDeploymentPostprocessing = 0;
		};
/* End PBXResourcesBuildPhase section */

/* Begin PBXShellScriptBuildPhase section */
		1806046FBD911A8A5AAEA950 /* [CP] Embed Pods Frameworks */ = {
			isa = PBXShellScriptBuildPhase;
			buildActionMask = 2147483647;
			files = (
			);
			inputPaths = (
				"${SRCROOT}/Pods/Target Support Files/Pods-EmailLoginApp/Pods-EmailLoginApp-frameworks.sh",
				"${BUILT_PRODUCTS_DIR}/GTMSessionFetcher/GTMSessionFetcher.framework",
				"${BUILT_PRODUCTS_DIR}/GoogleToolboxForMac/GoogleToolboxForMac.framework",
				"${BUILT_PRODUCTS_DIR}/nanopb/nanopb.framework",
			);
			name = "[CP] Embed Pods Frameworks";
			outputPaths = (
				"${TARGET_BUILD_DIR}/${FRAMEWORKS_FOLDER_PATH}/GTMSessionFetcher.framework",
				"${TARGET_BUILD_DIR}/${FRAMEWORKS_FOLDER_PATH}/GoogleToolboxForMac.framework",
				"${TARGET_BUILD_DIR}/${FRAMEWORKS_FOLDER_PATH}/nanopb.framework",
			);
			runOnlyForDeploymentPostprocessing = 0;
			shellPath = /bin/sh;
			shellScript = "\"${SRCROOT}/Pods/Target Support Files/Pods-EmailLoginApp/Pods-EmailLoginApp-frameworks.sh\"\n";
			showEnvVarsInLog = 0;
		};
		A32988A7AF3E6F6B77FF6A60 /* [CP] Check Pods Manifest.lock */ = {
			isa = PBXShellScriptBuildPhase;
			buildActionMask = 2147483647;
			files = (
			);
			inputPaths = (
				"${PODS_PODFILE_DIR_PATH}/Podfile.lock",
				"${PODS_ROOT}/Manifest.lock",
			);
			name = "[CP] Check Pods Manifest.lock";
			outputPaths = (
				"$(DERIVED_FILE_DIR)/Pods-EmailLoginApp-checkManifestLockResult.txt",
			);
			runOnlyForDeploymentPostprocessing = 0;
			shellPath = /bin/sh;
			shellScript = "diff \"${PODS_PODFILE_DIR_PATH}/Podfile.lock\" \"${PODS_ROOT}/Manifest.lock\" > /dev/null\nif [ $? != 0 ] ; then\n    # print error to STDERR\n    echo \"error: The sandbox is not in sync with the Podfile.lock. Run 'pod install' or update your CocoaPods installation.\" >&2\n    exit 1\nfi\n# This output is used by Xcode 'outputs' to avoid re-running this script phase.\necho \"SUCCESS\" > \"${SCRIPT_OUTPUT_FILE_0}\"\n";
			showEnvVarsInLog = 0;
		};
/* End PBXShellScriptBuildPhase section */

/* Begin PBXSourcesBuildPhase section */
		B20E215A209A613F00C3142E /* Sources */ = {
			isa = PBXSourcesBuildPhase;
			buildActionMask = 2147483647;
			files = (
				B20E2164209A614000C3142E /* ViewController.swift in Sources */,
				B20E2162209A614000C3142E /* AppDelegate.swift in Sources */,
				B2ED356A209D515A0097E14B /* HomeScreenViewController.swift in Sources */,
			);
			runOnlyForDeploymentPostprocessing = 0;
		};
/* End PBXSourcesBuildPhase section */

/* Begin PBXVariantGroup section */
		B20E2165209A614000C3142E /* Main.storyboard */ = {
			isa = PBXVariantGroup;
			children = (
				B20E2166209A614000C3142E /* Base */,
			);
			name = Main.storyboard;
			sourceTree = "<group>";
		};
		B20E216A209A614000C3142E /* LaunchScreen.storyboard */ = {
			isa = PBXVariantGroup;
			children = (
				B20E216B209A614000C3142E /* Base */,
			);
			name = LaunchScreen.storyboard;
			sourceTree = "<group>";
		};
/* End PBXVariantGroup section */

/* Begin XCBuildConfiguration section */
		B20E216E209A614000C3142E /* Debug */ = {
			isa = XCBuildConfiguration;
			buildSettings = {
				ALWAYS_SEARCH_USER_PATHS = NO;
				CLANG_ANALYZER_NONNULL = YES;
				CLANG_ANALYZER_NUMBER_OBJECT_CONVERSION = YES_AGGRESSIVE;
				CLANG_CXX_LANGUAGE_STANDARD = "gnu++14";
				CLANG_CXX_LIBRARY = "libc++";
				CLANG_ENABLE_MODULES = YES;
				CLANG_ENABLE_OBJC_ARC = YES;
				CLANG_WARN_BLOCK_CAPTURE_AUTORELEASING = YES;
				CLANG_WARN_BOOL_CONVERSION = YES;
				CLANG_WARN_COMMA = YES;
				CLANG_WARN_CONSTANT_CONVERSION = YES;
				CLANG_WARN_DIRECT_OBJC_ISA_USAGE = YES_ERROR;
				CLANG_WARN_DOCUMENTATION_COMMENTS = YES;
				CLANG_WARN_EMPTY_BODY = YES;
				CLANG_WARN_ENUM_CONVERSION = YES;
				CLANG_WARN_INFINITE_RECURSION = YES;
				CLANG_WARN_INT_CONVERSION = YES;
				CLANG_WARN_NON_LITERAL_NULL_CONVERSION = YES;
				CLANG_WARN_OBJC_LITERAL_CONVERSION = YES;
				CLANG_WARN_OBJC_ROOT_CLASS = YES_ERROR;
				CLANG_WARN_RANGE_LOOP_ANALYSIS = YES;
				CLANG_WARN_STRICT_PROTOTYPES = YES;
				CLANG_WARN_SUSPICIOUS_MOVE = YES;
				CLANG_WARN_UNGUARDED_AVAILABILITY = YES_AGGRESSIVE;
				CLANG_WARN_UNREACHABLE_CODE = YES;
				CLANG_WARN__DUPLICATE_METHOD_MATCH = YES;
				CODE_SIGN_IDENTITY = "iPhone Developer";
				COPY_PHASE_STRIP = NO;
				DEBUG_INFORMATION_FORMAT = dwarf;
				ENABLE_STRICT_OBJC_MSGSEND = YES;
				ENABLE_TESTABILITY = YES;
				GCC_C_LANGUAGE_STANDARD = gnu11;
				GCC_DYNAMIC_NO_PIC = NO;
				GCC_NO_COMMON_BLOCKS = YES;
				GCC_OPTIMIZATION_LEVEL = 0;
				GCC_PREPROCESSOR_DEFINITIONS = (
					"DEBUG=1",
					"$(inherited)",
				);
				GCC_WARN_64_TO_32_BIT_CONVERSION = YES;
				GCC_WARN_ABOUT_RETURN_TYPE = YES_ERROR;
				GCC_WARN_UNDECLARED_SELECTOR = YES;
				GCC_WARN_UNINITIALIZED_AUTOS = YES_AGGRESSIVE;
				GCC_WARN_UNUSED_FUNCTION = YES;
				GCC_WARN_UNUSED_VARIABLE = YES;
				IPHONEOS_DEPLOYMENT_TARGET = 11.2;
				MTL_ENABLE_DEBUG_INFO = YES;
				ONLY_ACTIVE_ARCH = YES;
				SDKROOT = iphoneos;
				SWIFT_ACTIVE_COMPILATION_CONDITIONS = DEBUG;
				SWIFT_OPTIMIZATION_LEVEL = "-Onone";
			};
			name = Debug;
		};
		B20E216F209A614000C3142E /* Release */ = {
			isa = XCBuildConfiguration;
			buildSettings = {
				ALWAYS_SEARCH_USER_PATHS = NO;
				CLANG_ANALYZER_NONNULL = YES;
				CLANG_ANALYZER_NUMBER_OBJECT_CONVERSION = YES_AGGRESSIVE;
				CLANG_CXX_LANGUAGE_STANDARD = "gnu++14";
				CLANG_CXX_LIBRARY = "libc++";
				CLANG_ENABLE_MODULES = YES;
				CLANG_ENABLE_OBJC_ARC = YES;
				CLANG_WARN_BLOCK_CAPTURE_AUTORELEASING = YES;
				CLANG_WARN_BOOL_CONVERSION = YES;
				CLANG_WARN_COMMA = YES;
				CLANG_WARN_CONSTANT_CONVERSION = YES;
				CLANG_WARN_DIRECT_OBJC_ISA_USAGE = YES_ERROR;
				CLANG_WARN_DOCUMENTATION_COMMENTS = YES;
				CLANG_WARN_EMPTY_BODY = YES;
				CLANG_WARN_ENUM_CONVERSION = YES;
				CLANG_WARN_INFINITE_RECURSION = YES;
				CLANG_WARN_INT_CONVERSION = YES;
				CLANG_WARN_NON_LITERAL_NULL_CONVERSION = YES;
				CLANG_WARN_OBJC_LITERAL_CONVERSION = YES;
				CLANG_WARN_OBJC_ROOT_CLASS = YES_ERROR;
				CLANG_WARN_RANGE_LOOP_ANALYSIS = YES;
				CLANG_WARN_STRICT_PROTOTYPES = YES;
				CLANG_WARN_SUSPICIOUS_MOVE = YES;
				CLANG_WARN_UNGUARDED_AVAILABILITY = YES_AGGRESSIVE;
				CLANG_WARN_UNREACHABLE_CODE = YES;
				CLANG_WARN__DUPLICATE_METHOD_MATCH = YES;
				CODE_SIGN_IDENTITY = "iPhone Developer";
				COPY_PHASE_STRIP = NO;
				DEBUG_INFORMATION_FORMAT = "dwarf-with-dsym";
				ENABLE_NS_ASSERTIONS = NO;
				ENABLE_STRICT_OBJC_MSGSEND = YES;
				GCC_C_LANGUAGE_STANDARD = gnu11;
				GCC_NO_COMMON_BLOCKS = YES;
				GCC_WARN_64_TO_32_BIT_CONVERSION = YES;
				GCC_WARN_ABOUT_RETURN_TYPE = YES_ERROR;
				GCC_WARN_UNDECLARED_SELECTOR = YES;
				GCC_WARN_UNINITIALIZED_AUTOS = YES_AGGRESSIVE;
				GCC_WARN_UNUSED_FUNCTION = YES;
				GCC_WARN_UNUSED_VARIABLE = YES;
				IPHONEOS_DEPLOYMENT_TARGET = 11.2;
				MTL_ENABLE_DEBUG_INFO = NO;
				SDKROOT = iphoneos;
				SWIFT_OPTIMIZATION_LEVEL = "-Owholemodule";
				VALIDATE_PRODUCT = YES;
			};
			name = Release;
		};
		B20E2171209A614000C3142E /* Debug */ = {
			isa = XCBuildConfiguration;
			baseConfigurationReference = 165558BDD10D01EC63D7F72E /* Pods-EmailLoginApp.debug.xcconfig */;
			buildSettings = {
				ASSETCATALOG_COMPILER_APPICON_NAME = AppIcon;
				CODE_SIGN_STYLE = Automatic;
				INFOPLIST_FILE = EmailLoginApp/Info.plist;
				LD_RUNPATH_SEARCH_PATHS = "$(inherited) @executable_path/Frameworks";
				PRODUCT_BUNDLE_IDENTIFIER = practice.EmailLoginApp;
				PRODUCT_NAME = "$(TARGET_NAME)";
				SWIFT_VERSION = 4.0;
				TARGETED_DEVICE_FAMILY = "1,2";
			};
			name = Debug;
		};
		B20E2172209A614000C3142E /* Release */ = {
			isa = XCBuildConfiguration;
			baseConfigurationReference = 2FF6040A1B0CB26D2FC6DDA6 /* Pods-EmailLoginApp.release.xcconfig */;
			buildSettings = {
				ASSETCATALOG_COMPILER_APPICON_NAME = AppIcon;
				CODE_SIGN_STYLE = Automatic;
				INFOPLIST_FILE = EmailLoginApp/Info.plist;
				LD_RUNPATH_SEARCH_PATHS = "$(inherited) @executable_path/Frameworks";
				PRODUCT_BUNDLE_IDENTIFIER = practice.EmailLoginApp;
				PRODUCT_NAME = "$(TARGET_NAME)";
				SWIFT_VERSION = 4.0;
				TARGETED_DEVICE_FAMILY = "1,2";
			};
			name = Release;
		};
/* End XCBuildConfiguration section */

/* Begin XCConfigurationList section */
		B20E2159209A613F00C3142E /* Build configuration list for PBXProject "EmailLoginApp" */ = {
			isa = XCConfigurationList;
			buildConfigurations = (
				B20E216E209A614000C3142E /* Debug */,
				B20E216F209A614000C3142E /* Release */,
			);
			defaultConfigurationIsVisible = 0;
			defaultConfigurationName = Release;
		};
		B20E2170209A614000C3142E /* Build configuration list for PBXNativeTarget "EmailLoginApp" */ = {
			isa = XCConfigurationList;
			buildConfigurations = (
				B20E2171209A614000C3142E /* Debug */,
				B20E2172209A614000C3142E /* Release */,
			);
			defaultConfigurationIsVisible = 0;
			defaultConfigurationName = Release;
		};
/* End XCConfigurationList section */
	};
	rootObject = B20E2156209A613F00C3142E /* Project object */;
}
